// !$*UTF8*$!
{
	archiveVersion = 1;
	classes = {
	};
	objectVersion = 55;
	objects = {

/* Begin PBXBuildFile section */
		481E0C3029C1224D005A8530 /* GoogleService-Info.plist in Resources */ = {isa = PBXBuildFile; fileRef = 481E0C2F29C1224D005A8530 /* GoogleService-Info.plist */; };
		481E0C3329C12357005A8530 /* FirebaseAnalytics in Frameworks */ = {isa = PBXBuildFile; productRef = 481E0C3229C12357005A8530 /* FirebaseAnalytics */; };
		481E0C3529C12357005A8530 /* FirebaseAuth in Frameworks */ = {isa = PBXBuildFile; productRef = 481E0C3429C12357005A8530 /* FirebaseAuth */; };
		481E0C3729C12357005A8530 /* FirebaseDatabase in Frameworks */ = {isa = PBXBuildFile; productRef = 481E0C3629C12357005A8530 /* FirebaseDatabase */; };
		481E0C3929C12357005A8530 /* FirebaseFirestore in Frameworks */ = {isa = PBXBuildFile; productRef = 481E0C3829C12357005A8530 /* FirebaseFirestore */; };
		481E0C3B29C12357005A8530 /* FirebaseStorage in Frameworks */ = {isa = PBXBuildFile; productRef = 481E0C3A29C12357005A8530 /* FirebaseStorage */; };
		481E0C3D29C125B8005A8530 /* SignInViewController.swift in Sources */ = {isa = PBXBuildFile; fileRef = 481E0C3C29C125B8005A8530 /* SignInViewController.swift */; };
		481E0C4229C1AD0A005A8530 /* SignInTextFieldView.swift in Sources */ = {isa = PBXBuildFile; fileRef = 481E0C4129C1AD0A005A8530 /* SignInTextFieldView.swift */; };
		481E0C4429C1AFD8005A8530 /* SignInAuthorizationButtonView.swift in Sources */ = {isa = PBXBuildFile; fileRef = 481E0C4329C1AFD8005A8530 /* SignInAuthorizationButtonView.swift */; };
		481E0C4829C1B028005A8530 /* SignInLogInView.swift in Sources */ = {isa = PBXBuildFile; fileRef = 481E0C4729C1B028005A8530 /* SignInLogInView.swift */; };
		481E0C4C29C1B468005A8530 /* LogInViewController.swift in Sources */ = {isa = PBXBuildFile; fileRef = 481E0C4B29C1B468005A8530 /* LogInViewController.swift */; };
		481E0C4E29C1B545005A8530 /* LogInTextFieldView.swift in Sources */ = {isa = PBXBuildFile; fileRef = 481E0C4D29C1B545005A8530 /* LogInTextFieldView.swift */; };
		481E0C5129C1EFD3005A8530 /* Utilities.swift in Sources */ = {isa = PBXBuildFile; fileRef = 481E0C5029C1EFD2005A8530 /* Utilities.swift */; };
		484B2A5429C23691005403B0 /* HomeNavBarView.swift in Sources */ = {isa = PBXBuildFile; fileRef = 484B2A5329C23691005403B0 /* HomeNavBarView.swift */; };
		484B2A5929C25720005403B0 /* TitleView.swift in Sources */ = {isa = PBXBuildFile; fileRef = 484B2A5829C25720005403B0 /* TitleView.swift */; };
		484B2A5D29C300AE005403B0 /* OSTextField.swift in Sources */ = {isa = PBXBuildFile; fileRef = 484B2A5C29C300AE005403B0 /* OSTextField.swift */; };
		484B2A5F29C303EB005403B0 /* правки.txt in Resources */ = {isa = PBXBuildFile; fileRef = 484B2A5E29C303EB005403B0 /* правки.txt */; };
		484B2A6229C30D21005403B0 /* CategoryCollectionView.swift in Sources */ = {isa = PBXBuildFile; fileRef = 484B2A6129C30D21005403B0 /* CategoryCollectionView.swift */; };
		484B2A6429C30D35005403B0 /* CategoryCollectionViewCell.swift in Sources */ = {isa = PBXBuildFile; fileRef = 484B2A6329C30D34005403B0 /* CategoryCollectionViewCell.swift */; };
		484B2A6729C31096005403B0 /* CategoryLModel.swift in Sources */ = {isa = PBXBuildFile; fileRef = 484B2A6629C31096005403B0 /* CategoryLModel.swift */; };
		48857FA929BF30BB00E3B70E /* AppDelegate.swift in Sources */ = {isa = PBXBuildFile; fileRef = 48857FA829BF30BB00E3B70E /* AppDelegate.swift */; };
		48857FAB29BF30BB00E3B70E /* SceneDelegate.swift in Sources */ = {isa = PBXBuildFile; fileRef = 48857FAA29BF30BB00E3B70E /* SceneDelegate.swift */; };
		48857FAD29BF30BB00E3B70E /* TabBarController.swift in Sources */ = {isa = PBXBuildFile; fileRef = 48857FAC29BF30BB00E3B70E /* TabBarController.swift */; };
		48857FB229BF30C000E3B70E /* Assets.xcassets in Resources */ = {isa = PBXBuildFile; fileRef = 48857FB129BF30C000E3B70E /* Assets.xcassets */; };
		48857FB529BF30C000E3B70E /* LaunchScreen.storyboard in Resources */ = {isa = PBXBuildFile; fileRef = 48857FB329BF30C000E3B70E /* LaunchScreen.storyboard */; };
		48857FD729BF343B00E3B70E /* Montserrat-Bold.ttf in Resources */ = {isa = PBXBuildFile; fileRef = 48857FC529BF343800E3B70E /* Montserrat-Bold.ttf */; };
		48857FDB29BF343B00E3B70E /* Montserrat-SemiBold.ttf in Resources */ = {isa = PBXBuildFile; fileRef = 48857FC929BF343900E3B70E /* Montserrat-SemiBold.ttf */; };
		48857FDE29BF343B00E3B70E /* Montserrat-Regular.ttf in Resources */ = {isa = PBXBuildFile; fileRef = 48857FCC29BF343A00E3B70E /* Montserrat-Regular.ttf */; };
		48857FE429BF343B00E3B70E /* Montserrat-Medium.ttf in Resources */ = {isa = PBXBuildFile; fileRef = 48857FD229BF343B00E3B70E /* Montserrat-Medium.ttf */; };
		48857FE729BF35BD00E3B70E /* Resources.swift in Sources */ = {isa = PBXBuildFile; fileRef = 48857FE629BF35BD00E3B70E /* Resources.swift */; };
		48857FE929BF370000E3B70E /* UIColor + ext.swift in Sources */ = {isa = PBXBuildFile; fileRef = 48857FE829BF370000E3B70E /* UIColor + ext.swift */; };
		48857FEE29BF435F00E3B70E /* NavBarController.swift in Sources */ = {isa = PBXBuildFile; fileRef = 48857FED29BF435F00E3B70E /* NavBarController.swift */; };
		48857FF329BF44A100E3B70E /* OnlineShopBaseViewController.swift in Sources */ = {isa = PBXBuildFile; fileRef = 48857FF229BF44A100E3B70E /* OnlineShopBaseViewController.swift */; };
		48857FF929BF45D300E3B70E /* ChosenByLikeController.swift in Sources */ = {isa = PBXBuildFile; fileRef = 48857FF829BF45D300E3B70E /* ChosenByLikeController.swift */; };
		48857FFB29BF469F00E3B70E /* MessageViewController.swift in Sources */ = {isa = PBXBuildFile; fileRef = 48857FFA29BF469F00E3B70E /* MessageViewController.swift */; };
		48857FFD29BF46AB00E3B70E /* StorageViewController.swift in Sources */ = {isa = PBXBuildFile; fileRef = 48857FFC29BF46AB00E3B70E /* StorageViewController.swift */; };
		48857FFF29BF46BC00E3B70E /* ProfileViewController.swift in Sources */ = {isa = PBXBuildFile; fileRef = 48857FFE29BF46BC00E3B70E /* ProfileViewController.swift */; };
		4885800129BF46C600E3B70E /* Page1ViewController.swift in Sources */ = {isa = PBXBuildFile; fileRef = 4885800029BF46C600E3B70E /* Page1ViewController.swift */; };
		4885800329BF7E2E00E3B70E /* UIView + ext.swift in Sources */ = {isa = PBXBuildFile; fileRef = 4885800229BF7E2D00E3B70E /* UIView + ext.swift */; };
		4885800529BF812500E3B70E /* OSButton.swift in Sources */ = {isa = PBXBuildFile; fileRef = 4885800429BF812500E3B70E /* OSButton.swift */; };
		4885800729BF8E3F00E3B70E /* UILabel + ext.swift in Sources */ = {isa = PBXBuildFile; fileRef = 4885800629BF8E3F00E3B70E /* UILabel + ext.swift */; };
		4885800F29BFA96700E3B70E /* ProfileButtonView.swift in Sources */ = {isa = PBXBuildFile; fileRef = 4885800E29BFA96700E3B70E /* ProfileButtonView.swift */; };
		4885801229BFA9E200E3B70E /* OnlineShopBaseView.swift in Sources */ = {isa = PBXBuildFile; fileRef = 4885801129BFA9E200E3B70E /* OnlineShopBaseView.swift */; };
		4885805A29C0CB7D00E3B70E /* ProfileDataView.swift in Sources */ = {isa = PBXBuildFile; fileRef = 4885805929C0CB7C00E3B70E /* ProfileDataView.swift */; };
		489ED8AA29C5197800BE07E0 /* BrandCillectionView.swift in Sources */ = {isa = PBXBuildFile; fileRef = 489ED8A929C5197800BE07E0 /* BrandCillectionView.swift */; };
		489ED8AC29C5199600BE07E0 /* BrandCollectionViewCell.swift in Sources */ = {isa = PBXBuildFile; fileRef = 489ED8AB29C5199600BE07E0 /* BrandCollectionViewCell.swift */; };
		489ED8AE29C519A900BE07E0 /* BrandCollectionTitle.swift in Sources */ = {isa = PBXBuildFile; fileRef = 489ED8AD29C519A900BE07E0 /* BrandCollectionTitle.swift */; };
		489ED8B029C519F200BE07E0 /* LatestCollectionView.swift in Sources */ = {isa = PBXBuildFile; fileRef = 489ED8AF29C519F200BE07E0 /* LatestCollectionView.swift */; };
		489ED8B429C51A2200BE07E0 /* LatestTitleView.swift in Sources */ = {isa = PBXBuildFile; fileRef = 489ED8B329C51A2200BE07E0 /* LatestTitleView.swift */; };
		489ED8B629C51A5E00BE07E0 /* FlashSaleCollectionView.swift in Sources */ = {isa = PBXBuildFile; fileRef = 489ED8B529C51A5E00BE07E0 /* FlashSaleCollectionView.swift */; };
		489ED8B829C51A6600BE07E0 /* FlashSaleCollectionViewCell.swift in Sources */ = {isa = PBXBuildFile; fileRef = 489ED8B729C51A6600BE07E0 /* FlashSaleCollectionViewCell.swift */; };
		489ED8BA29C51A7500BE07E0 /* FlashSaleTitleView.swift in Sources */ = {isa = PBXBuildFile; fileRef = 489ED8B929C51A7500BE07E0 /* FlashSaleTitleView.swift */; };
		489ED8BC29C51B2B00BE07E0 /* OSNameCategoryView.swift in Sources */ = {isa = PBXBuildFile; fileRef = 489ED8BB29C51B2B00BE07E0 /* OSNameCategoryView.swift */; };
		489ED8BE29C51EE800BE07E0 /* LatestCollectionViewCell.swift in Sources */ = {isa = PBXBuildFile; fileRef = 489ED8BD29C51EE800BE07E0 /* LatestCollectionViewCell.swift */; };
		489ED8C129C5208200BE07E0 /* UIScrollView + ext.swift in Sources */ = {isa = PBXBuildFile; fileRef = 489ED8C029C5208200BE07E0 /* UIScrollView + ext.swift */; };
/* End PBXBuildFile section */

/* Begin PBXFileReference section */
		481E0C2F29C1224D005A8530 /* GoogleService-Info.plist */ = {isa = PBXFileReference; fileEncoding = 4; lastKnownFileType = text.plist.xml; path = "GoogleService-Info.plist"; sourceTree = "<group>"; };
		481E0C3C29C125B8005A8530 /* SignInViewController.swift */ = {isa = PBXFileReference; lastKnownFileType = sourcecode.swift; path = SignInViewController.swift; sourceTree = "<group>"; };
		481E0C4129C1AD0A005A8530 /* SignInTextFieldView.swift */ = {isa = PBXFileReference; lastKnownFileType = sourcecode.swift; path = SignInTextFieldView.swift; sourceTree = "<group>"; };
		481E0C4329C1AFD8005A8530 /* SignInAuthorizationButtonView.swift */ = {isa = PBXFileReference; lastKnownFileType = sourcecode.swift; path = SignInAuthorizationButtonView.swift; sourceTree = "<group>"; };
		481E0C4729C1B028005A8530 /* SignInLogInView.swift */ = {isa = PBXFileReference; lastKnownFileType = sourcecode.swift; path = SignInLogInView.swift; sourceTree = "<group>"; };
		481E0C4B29C1B468005A8530 /* LogInViewController.swift */ = {isa = PBXFileReference; lastKnownFileType = sourcecode.swift; path = LogInViewController.swift; sourceTree = "<group>"; };
		481E0C4D29C1B545005A8530 /* LogInTextFieldView.swift */ = {isa = PBXFileReference; lastKnownFileType = sourcecode.swift; path = LogInTextFieldView.swift; sourceTree = "<group>"; };
		481E0C5029C1EFD2005A8530 /* Utilities.swift */ = {isa = PBXFileReference; lastKnownFileType = sourcecode.swift; path = Utilities.swift; sourceTree = "<group>"; };
		484B2A5329C23691005403B0 /* HomeNavBarView.swift */ = {isa = PBXFileReference; lastKnownFileType = sourcecode.swift; path = HomeNavBarView.swift; sourceTree = "<group>"; };
		484B2A5829C25720005403B0 /* TitleView.swift */ = {isa = PBXFileReference; lastKnownFileType = sourcecode.swift; path = TitleView.swift; sourceTree = "<group>"; };
		484B2A5C29C300AE005403B0 /* OSTextField.swift */ = {isa = PBXFileReference; lastKnownFileType = sourcecode.swift; path = OSTextField.swift; sourceTree = "<group>"; };
		484B2A5E29C303EB005403B0 /* правки.txt */ = {isa = PBXFileReference; fileEncoding = 4; lastKnownFileType = text; path = "правки.txt"; sourceTree = "<group>"; };
		484B2A6129C30D21005403B0 /* CategoryCollectionView.swift */ = {isa = PBXFileReference; lastKnownFileType = sourcecode.swift; path = CategoryCollectionView.swift; sourceTree = "<group>"; };
		484B2A6329C30D34005403B0 /* CategoryCollectionViewCell.swift */ = {isa = PBXFileReference; lastKnownFileType = sourcecode.swift; path = CategoryCollectionViewCell.swift; sourceTree = "<group>"; };
		484B2A6629C31096005403B0 /* CategoryLModel.swift */ = {isa = PBXFileReference; lastKnownFileType = sourcecode.swift; path = CategoryLModel.swift; sourceTree = "<group>"; };
		48857FA529BF30BB00E3B70E /* OnlineShop.app */ = {isa = PBXFileReference; explicitFileType = wrapper.application; includeInIndex = 0; path = OnlineShop.app; sourceTree = BUILT_PRODUCTS_DIR; };
		48857FA829BF30BB00E3B70E /* AppDelegate.swift */ = {isa = PBXFileReference; lastKnownFileType = sourcecode.swift; path = AppDelegate.swift; sourceTree = "<group>"; };
		48857FAA29BF30BB00E3B70E /* SceneDelegate.swift */ = {isa = PBXFileReference; lastKnownFileType = sourcecode.swift; path = SceneDelegate.swift; sourceTree = "<group>"; };
		48857FAC29BF30BB00E3B70E /* TabBarController.swift */ = {isa = PBXFileReference; lastKnownFileType = sourcecode.swift; path = TabBarController.swift; sourceTree = "<group>"; };
		48857FB129BF30C000E3B70E /* Assets.xcassets */ = {isa = PBXFileReference; lastKnownFileType = folder.assetcatalog; path = Assets.xcassets; sourceTree = "<group>"; };
		48857FB429BF30C000E3B70E /* Base */ = {isa = PBXFileReference; lastKnownFileType = file.storyboard; name = Base; path = Base.lproj/LaunchScreen.storyboard; sourceTree = "<group>"; };
		48857FB629BF30C000E3B70E /* Info.plist */ = {isa = PBXFileReference; lastKnownFileType = text.plist.xml; path = Info.plist; sourceTree = "<group>"; };
		48857FC529BF343800E3B70E /* Montserrat-Bold.ttf */ = {isa = PBXFileReference; lastKnownFileType = file; path = "Montserrat-Bold.ttf"; sourceTree = "<group>"; };
		48857FC929BF343900E3B70E /* Montserrat-SemiBold.ttf */ = {isa = PBXFileReference; lastKnownFileType = file; path = "Montserrat-SemiBold.ttf"; sourceTree = "<group>"; };
		48857FCC29BF343A00E3B70E /* Montserrat-Regular.ttf */ = {isa = PBXFileReference; lastKnownFileType = file; path = "Montserrat-Regular.ttf"; sourceTree = "<group>"; };
		48857FD229BF343B00E3B70E /* Montserrat-Medium.ttf */ = {isa = PBXFileReference; lastKnownFileType = file; path = "Montserrat-Medium.ttf"; sourceTree = "<group>"; };
		48857FE629BF35BD00E3B70E /* Resources.swift */ = {isa = PBXFileReference; lastKnownFileType = sourcecode.swift; path = Resources.swift; sourceTree = "<group>"; };
		48857FE829BF370000E3B70E /* UIColor + ext.swift */ = {isa = PBXFileReference; lastKnownFileType = sourcecode.swift; path = "UIColor + ext.swift"; sourceTree = "<group>"; };
		48857FED29BF435F00E3B70E /* NavBarController.swift */ = {isa = PBXFileReference; lastKnownFileType = sourcecode.swift; path = NavBarController.swift; sourceTree = "<group>"; };
		48857FF229BF44A100E3B70E /* OnlineShopBaseViewController.swift */ = {isa = PBXFileReference; lastKnownFileType = sourcecode.swift; path = OnlineShopBaseViewController.swift; sourceTree = "<group>"; };
		48857FF829BF45D300E3B70E /* ChosenByLikeController.swift */ = {isa = PBXFileReference; lastKnownFileType = sourcecode.swift; path = ChosenByLikeController.swift; sourceTree = "<group>"; };
		48857FFA29BF469F00E3B70E /* MessageViewController.swift */ = {isa = PBXFileReference; lastKnownFileType = sourcecode.swift; path = MessageViewController.swift; sourceTree = "<group>"; };
		48857FFC29BF46AB00E3B70E /* StorageViewController.swift */ = {isa = PBXFileReference; lastKnownFileType = sourcecode.swift; path = StorageViewController.swift; sourceTree = "<group>"; };
		48857FFE29BF46BC00E3B70E /* ProfileViewController.swift */ = {isa = PBXFileReference; lastKnownFileType = sourcecode.swift; path = ProfileViewController.swift; sourceTree = "<group>"; };
		4885800029BF46C600E3B70E /* Page1ViewController.swift */ = {isa = PBXFileReference; lastKnownFileType = sourcecode.swift; path = Page1ViewController.swift; sourceTree = "<group>"; };
		4885800229BF7E2D00E3B70E /* UIView + ext.swift */ = {isa = PBXFileReference; lastKnownFileType = sourcecode.swift; path = "UIView + ext.swift"; sourceTree = "<group>"; };
		4885800429BF812500E3B70E /* OSButton.swift */ = {isa = PBXFileReference; lastKnownFileType = sourcecode.swift; path = OSButton.swift; sourceTree = "<group>"; };
		4885800629BF8E3F00E3B70E /* UILabel + ext.swift */ = {isa = PBXFileReference; lastKnownFileType = sourcecode.swift; path = "UILabel + ext.swift"; sourceTree = "<group>"; };
		4885800E29BFA96700E3B70E /* ProfileButtonView.swift */ = {isa = PBXFileReference; lastKnownFileType = sourcecode.swift; path = ProfileButtonView.swift; sourceTree = "<group>"; };
		4885801129BFA9E200E3B70E /* OnlineShopBaseView.swift */ = {isa = PBXFileReference; lastKnownFileType = sourcecode.swift; path = OnlineShopBaseView.swift; sourceTree = "<group>"; };
		4885805929C0CB7C00E3B70E /* ProfileDataView.swift */ = {isa = PBXFileReference; lastKnownFileType = sourcecode.swift; path = ProfileDataView.swift; sourceTree = "<group>"; };
		489ED8A929C5197800BE07E0 /* BrandCillectionView.swift */ = {isa = PBXFileReference; lastKnownFileType = sourcecode.swift; path = BrandCillectionView.swift; sourceTree = "<group>"; };
		489ED8AB29C5199600BE07E0 /* BrandCollectionViewCell.swift */ = {isa = PBXFileReference; lastKnownFileType = sourcecode.swift; path = BrandCollectionViewCell.swift; sourceTree = "<group>"; };
		489ED8AD29C519A900BE07E0 /* BrandCollectionTitle.swift */ = {isa = PBXFileReference; lastKnownFileType = sourcecode.swift; path = BrandCollectionTitle.swift; sourceTree = "<group>"; };
		489ED8AF29C519F200BE07E0 /* LatestCollectionView.swift */ = {isa = PBXFileReference; lastKnownFileType = sourcecode.swift; path = LatestCollectionView.swift; sourceTree = "<group>"; };
		489ED8B329C51A2200BE07E0 /* LatestTitleView.swift */ = {isa = PBXFileReference; lastKnownFileType = sourcecode.swift; path = LatestTitleView.swift; sourceTree = "<group>"; };
		489ED8B529C51A5E00BE07E0 /* FlashSaleCollectionView.swift */ = {isa = PBXFileReference; lastKnownFileType = sourcecode.swift; path = FlashSaleCollectionView.swift; sourceTree = "<group>"; };
		489ED8B729C51A6600BE07E0 /* FlashSaleCollectionViewCell.swift */ = {isa = PBXFileReference; lastKnownFileType = sourcecode.swift; path = FlashSaleCollectionViewCell.swift; sourceTree = "<group>"; };
		489ED8B929C51A7500BE07E0 /* FlashSaleTitleView.swift */ = {isa = PBXFileReference; lastKnownFileType = sourcecode.swift; path = FlashSaleTitleView.swift; sourceTree = "<group>"; };
		489ED8BB29C51B2B00BE07E0 /* OSNameCategoryView.swift */ = {isa = PBXFileReference; lastKnownFileType = sourcecode.swift; path = OSNameCategoryView.swift; sourceTree = "<group>"; };
		489ED8BD29C51EE800BE07E0 /* LatestCollectionViewCell.swift */ = {isa = PBXFileReference; lastKnownFileType = sourcecode.swift; path = LatestCollectionViewCell.swift; sourceTree = "<group>"; };
		489ED8C029C5208200BE07E0 /* UIScrollView + ext.swift */ = {isa = PBXFileReference; lastKnownFileType = sourcecode.swift; path = "UIScrollView + ext.swift"; sourceTree = "<group>"; };
/* End PBXFileReference section */

/* Begin PBXFrameworksBuildPhase section */
		48857FA229BF30BB00E3B70E /* Frameworks */ = {
			isa = PBXFrameworksBuildPhase;
			buildActionMask = 2147483647;
			files = (
				481E0C3729C12357005A8530 /* FirebaseDatabase in Frameworks */,
				481E0C3929C12357005A8530 /* FirebaseFirestore in Frameworks */,
				481E0C3329C12357005A8530 /* FirebaseAnalytics in Frameworks */,
				481E0C3B29C12357005A8530 /* FirebaseStorage in Frameworks */,
				481E0C3529C12357005A8530 /* FirebaseAuth in Frameworks */,
			);
			runOnlyForDeploymentPostprocessing = 0;
		};
/* End PBXFrameworksBuildPhase section */

/* Begin PBXGroup section */
		481E0C2A29C11284005A8530 /* Page1Views */ = {
			isa = PBXGroup;
			children = (
				489ED8A829C5194000BE07E0 /* BrandCollectioView */,
				489ED8A729C5193500BE07E0 /* LatestCollection */,
				489ED8A629C5191400BE07E0 /* FlashSaleCollection */,
				484B2A6029C30CD4005403B0 /* CategoryView */,
				481E0C2B29C11295005A8530 /* NavBarView */,
			);
			path = Page1Views;
			sourceTree = "<group>";
		};
		481E0C2B29C11295005A8530 /* NavBarView */ = {
			isa = PBXGroup;
			children = (
				484B2A5829C25720005403B0 /* TitleView.swift */,
				484B2A5329C23691005403B0 /* HomeNavBarView.swift */,
			);
			path = NavBarView;
			sourceTree = "<group>";
		};
		481E0C2E29C1214C005A8530 /* Authorization */ = {
			isa = PBXGroup;
			children = (
				481E0C4F29C1EFB8005A8530 /* Utilites */,
				481E0C4929C1B446005A8530 /* LogInViewController */,
				481E0C4529C1AFE0005A8530 /* SignInViewController */,
			);
			path = Authorization;
			sourceTree = "<group>";
		};
		481E0C4029C1ACC7005A8530 /* SignInView */ = {
			isa = PBXGroup;
			children = (
				481E0C5229C21307005A8530 /* Views */,
			);
			path = SignInView;
			sourceTree = "<group>";
		};
		481E0C4529C1AFE0005A8530 /* SignInViewController */ = {
			isa = PBXGroup;
			children = (
				481E0C4029C1ACC7005A8530 /* SignInView */,
				481E0C3C29C125B8005A8530 /* SignInViewController.swift */,
			);
			path = SignInViewController;
			sourceTree = "<group>";
		};
		481E0C4929C1B446005A8530 /* LogInViewController */ = {
			isa = PBXGroup;
			children = (
				481E0C4A29C1B454005A8530 /* LogInView */,
				481E0C4B29C1B468005A8530 /* LogInViewController.swift */,
			);
			path = LogInViewController;
			sourceTree = "<group>";
		};
		481E0C4A29C1B454005A8530 /* LogInView */ = {
			isa = PBXGroup;
			children = (
				481E0C4D29C1B545005A8530 /* LogInTextFieldView.swift */,
			);
			path = LogInView;
			sourceTree = "<group>";
		};
		481E0C4F29C1EFB8005A8530 /* Utilites */ = {
			isa = PBXGroup;
			children = (
				481E0C5029C1EFD2005A8530 /* Utilities.swift */,
			);
			path = Utilites;
			sourceTree = "<group>";
		};
		481E0C5229C21307005A8530 /* Views */ = {
			isa = PBXGroup;
			children = (
				481E0C4129C1AD0A005A8530 /* SignInTextFieldView.swift */,
				481E0C4329C1AFD8005A8530 /* SignInAuthorizationButtonView.swift */,
				481E0C4729C1B028005A8530 /* SignInLogInView.swift */,
			);
			path = Views;
			sourceTree = "<group>";
		};
		484B2A6029C30CD4005403B0 /* CategoryView */ = {
			isa = PBXGroup;
			children = (
				484B2A6129C30D21005403B0 /* CategoryCollectionView.swift */,
				484B2A6329C30D34005403B0 /* CategoryCollectionViewCell.swift */,
				484B2A6629C31096005403B0 /* CategoryLModel.swift */,
			);
			path = CategoryView;
			sourceTree = "<group>";
		};
		48857F9C29BF30BB00E3B70E = {
			isa = PBXGroup;
			children = (
				48857FA729BF30BB00E3B70E /* OnlineShop */,
				48857FA629BF30BB00E3B70E /* Products */,
			);
			sourceTree = "<group>";
		};
		48857FA629BF30BB00E3B70E /* Products */ = {
			isa = PBXGroup;
			children = (
				48857FA529BF30BB00E3B70E /* OnlineShop.app */,
			);
			name = Products;
			sourceTree = "<group>";
		};
		48857FA729BF30BB00E3B70E /* OnlineShop */ = {
			isa = PBXGroup;
			children = (
				484B2A5E29C303EB005403B0 /* правки.txt */,
				48857FBE29BF339400E3B70E /* Helpers */,
				481E0C2E29C1214C005A8530 /* Authorization */,
				48857FEF29BF442A00E3B70E /* Controllers */,
				48857FF129BF445800E3B70E /* BaseViewController */,
				48857FEA29BF394300E3B70E /* Navigations */,
				48857FBD29BF333F00E3B70E /* Applications */,
				48857FBC29BF332200E3B70E /* SupportingFiles */,
			);
			path = OnlineShop;
			sourceTree = "<group>";
		};
		48857FBC29BF332200E3B70E /* SupportingFiles */ = {
			isa = PBXGroup;
			children = (
				48857FB329BF30C000E3B70E /* LaunchScreen.storyboard */,
				48857FB129BF30C000E3B70E /* Assets.xcassets */,
				48857FB629BF30C000E3B70E /* Info.plist */,
				481E0C2F29C1224D005A8530 /* GoogleService-Info.plist */,
			);
			path = SupportingFiles;
			sourceTree = "<group>";
		};
		48857FBD29BF333F00E3B70E /* Applications */ = {
			isa = PBXGroup;
			children = (
				48857FA829BF30BB00E3B70E /* AppDelegate.swift */,
				48857FAA29BF30BB00E3B70E /* SceneDelegate.swift */,
			);
			path = Applications;
			sourceTree = "<group>";
		};
		48857FBE29BF339400E3B70E /* Helpers */ = {
			isa = PBXGroup;
			children = (
				48857FC129BF33E100E3B70E /* Extensions */,
				48857FC029BF33D200E3B70E /* Resources */,
				48857FBF29BF33C000E3B70E /* Fonts */,
			);
			path = Helpers;
			sourceTree = "<group>";
		};
		48857FBF29BF33C000E3B70E /* Fonts */ = {
			isa = PBXGroup;
			children = (
				48857FC529BF343800E3B70E /* Montserrat-Bold.ttf */,
				48857FD229BF343B00E3B70E /* Montserrat-Medium.ttf */,
				48857FCC29BF343A00E3B70E /* Montserrat-Regular.ttf */,
				48857FC929BF343900E3B70E /* Montserrat-SemiBold.ttf */,
			);
			path = Fonts;
			sourceTree = "<group>";
		};
		48857FC029BF33D200E3B70E /* Resources */ = {
			isa = PBXGroup;
			children = (
				48857FE629BF35BD00E3B70E /* Resources.swift */,
			);
			path = Resources;
			sourceTree = "<group>";
		};
		48857FC129BF33E100E3B70E /* Extensions */ = {
			isa = PBXGroup;
			children = (
				48857FE829BF370000E3B70E /* UIColor + ext.swift */,
				4885800229BF7E2D00E3B70E /* UIView + ext.swift */,
				489ED8C029C5208200BE07E0 /* UIScrollView + ext.swift */,
				4885800629BF8E3F00E3B70E /* UILabel + ext.swift */,
				4885800429BF812500E3B70E /* OSButton.swift */,
				484B2A5C29C300AE005403B0 /* OSTextField.swift */,
				489ED8BB29C51B2B00BE07E0 /* OSNameCategoryView.swift */,
			);
			path = Extensions;
			sourceTree = "<group>";
		};
		48857FEA29BF394300E3B70E /* Navigations */ = {
			isa = PBXGroup;
			children = (
				48857FAC29BF30BB00E3B70E /* TabBarController.swift */,
				48857FED29BF435F00E3B70E /* NavBarController.swift */,
			);
			path = Navigations;
			sourceTree = "<group>";
		};
		48857FEF29BF442A00E3B70E /* Controllers */ = {
			isa = PBXGroup;
			children = (
				48857FF029BF443800E3B70E /* Page1ViewController */,
				48857FF729BF45AF00E3B70E /* ChosenByLikeController */,
				48857FF529BF458B00E3B70E /* StorageViewController */,
				48857FF629BF459900E3B70E /* MessageViewController */,
				48857FF429BF456A00E3B70E /* ProfileViewController */,
			);
			path = Controllers;
			sourceTree = "<group>";
		};
		48857FF029BF443800E3B70E /* Page1ViewController */ = {
			isa = PBXGroup;
			children = (
				481E0C2A29C11284005A8530 /* Page1Views */,
				4885800029BF46C600E3B70E /* Page1ViewController.swift */,
			);
			path = Page1ViewController;
			sourceTree = "<group>";
		};
		48857FF129BF445800E3B70E /* BaseViewController */ = {
			isa = PBXGroup;
			children = (
				4885801029BFA9CB00E3B70E /* View */,
				48857FF229BF44A100E3B70E /* OnlineShopBaseViewController.swift */,
			);
			path = BaseViewController;
			sourceTree = "<group>";
		};
		48857FF429BF456A00E3B70E /* ProfileViewController */ = {
			isa = PBXGroup;
			children = (
				4885800D29BFA93B00E3B70E /* ProfileView */,
				48857FFE29BF46BC00E3B70E /* ProfileViewController.swift */,
			);
			path = ProfileViewController;
			sourceTree = "<group>";
		};
		48857FF529BF458B00E3B70E /* StorageViewController */ = {
			isa = PBXGroup;
			children = (
				48857FFC29BF46AB00E3B70E /* StorageViewController.swift */,
			);
			path = StorageViewController;
			sourceTree = "<group>";
		};
		48857FF629BF459900E3B70E /* MessageViewController */ = {
			isa = PBXGroup;
			children = (
				48857FFA29BF469F00E3B70E /* MessageViewController.swift */,
			);
			path = MessageViewController;
			sourceTree = "<group>";
		};
		48857FF729BF45AF00E3B70E /* ChosenByLikeController */ = {
			isa = PBXGroup;
			children = (
				48857FF829BF45D300E3B70E /* ChosenByLikeController.swift */,
			);
			path = ChosenByLikeController;
			sourceTree = "<group>";
		};
		4885800D29BFA93B00E3B70E /* ProfileView */ = {
			isa = PBXGroup;
			children = (
				4885800E29BFA96700E3B70E /* ProfileButtonView.swift */,
				4885805929C0CB7C00E3B70E /* ProfileDataView.swift */,
			);
			path = ProfileView;
			sourceTree = "<group>";
		};
		4885801029BFA9CB00E3B70E /* View */ = {
			isa = PBXGroup;
			children = (
				4885801129BFA9E200E3B70E /* OnlineShopBaseView.swift */,
			);
			path = View;
			sourceTree = "<group>";
		};
		489ED8A629C5191400BE07E0 /* FlashSaleCollection */ = {
			isa = PBXGroup;
			children = (
				489ED8B529C51A5E00BE07E0 /* FlashSaleCollectionView.swift */,
				489ED8B729C51A6600BE07E0 /* FlashSaleCollectionViewCell.swift */,
				489ED8B929C51A7500BE07E0 /* FlashSaleTitleView.swift */,
			);
			path = FlashSaleCollection;
			sourceTree = "<group>";
		};
		489ED8A729C5193500BE07E0 /* LatestCollection */ = {
			isa = PBXGroup;
			children = (
				489ED8AF29C519F200BE07E0 /* LatestCollectionView.swift */,
				489ED8B329C51A2200BE07E0 /* LatestTitleView.swift */,
				489ED8BD29C51EE800BE07E0 /* LatestCollectionViewCell.swift */,
			);
			path = LatestCollection;
			sourceTree = "<group>";
		};
		489ED8A829C5194000BE07E0 /* BrandCollectioView */ = {
			isa = PBXGroup;
			children = (
				489ED8A929C5197800BE07E0 /* BrandCillectionView.swift */,
				489ED8AB29C5199600BE07E0 /* BrandCollectionViewCell.swift */,
				489ED8AD29C519A900BE07E0 /* BrandCollectionTitle.swift */,
			);
			path = BrandCollectioView;
			sourceTree = "<group>";
		};
/* End PBXGroup section */

/* Begin PBXNativeTarget section */
		48857FA429BF30BB00E3B70E /* OnlineShop */ = {
			isa = PBXNativeTarget;
			buildConfigurationList = 48857FB929BF30C000E3B70E /* Build configuration list for PBXNativeTarget "OnlineShop" */;
			buildPhases = (
				48857FA129BF30BB00E3B70E /* Sources */,
				48857FA229BF30BB00E3B70E /* Frameworks */,
				48857FA329BF30BB00E3B70E /* Resources */,
			);
			buildRules = (
			);
			dependencies = (
			);
			name = OnlineShop;
			packageProductDependencies = (
				481E0C3229C12357005A8530 /* FirebaseAnalytics */,
				481E0C3429C12357005A8530 /* FirebaseAuth */,
				481E0C3629C12357005A8530 /* FirebaseDatabase */,
				481E0C3829C12357005A8530 /* FirebaseFirestore */,
				481E0C3A29C12357005A8530 /* FirebaseStorage */,
			);
			productName = OnlineShop;
			productReference = 48857FA529BF30BB00E3B70E /* OnlineShop.app */;
			productType = "com.apple.product-type.application";
		};
/* End PBXNativeTarget section */

/* Begin PBXProject section */
		48857F9D29BF30BB00E3B70E /* Project object */ = {
			isa = PBXProject;
			attributes = {
				BuildIndependentTargetsInParallel = 1;
				LastSwiftUpdateCheck = 1320;
				LastUpgradeCheck = 1320;
				TargetAttributes = {
					48857FA429BF30BB00E3B70E = {
						CreatedOnToolsVersion = 13.2.1;
					};
				};
			};
			buildConfigurationList = 48857FA029BF30BB00E3B70E /* Build configuration list for PBXProject "OnlineShop" */;
			compatibilityVersion = "Xcode 13.0";
			developmentRegion = en;
			hasScannedForEncodings = 0;
			knownRegions = (
				en,
				Base,
			);
			mainGroup = 48857F9C29BF30BB00E3B70E;
			packageReferences = (
				481E0C3129C12357005A8530 /* XCRemoteSwiftPackageReference "firebase-ios-sdk" */,
			);
			productRefGroup = 48857FA629BF30BB00E3B70E /* Products */;
			projectDirPath = "";
			projectRoot = "";
			targets = (
				48857FA429BF30BB00E3B70E /* OnlineShop */,
			);
		};
/* End PBXProject section */

/* Begin PBXResourcesBuildPhase section */
		48857FA329BF30BB00E3B70E /* Resources */ = {
			isa = PBXResourcesBuildPhase;
			buildActionMask = 2147483647;
			files = (
				48857FD729BF343B00E3B70E /* Montserrat-Bold.ttf in Resources */,
				48857FDB29BF343B00E3B70E /* Montserrat-SemiBold.ttf in Resources */,
				48857FDE29BF343B00E3B70E /* Montserrat-Regular.ttf in Resources */,
				484B2A5F29C303EB005403B0 /* правки.txt in Resources */,
				48857FE429BF343B00E3B70E /* Montserrat-Medium.ttf in Resources */,
				48857FB529BF30C000E3B70E /* LaunchScreen.storyboard in Resources */,
				48857FB229BF30C000E3B70E /* Assets.xcassets in Resources */,
				481E0C3029C1224D005A8530 /* GoogleService-Info.plist in Resources */,
			);
			runOnlyForDeploymentPostprocessing = 0;
		};
/* End PBXResourcesBuildPhase section */

/* Begin PBXSourcesBuildPhase section */
		48857FA129BF30BB00E3B70E /* Sources */ = {
			isa = PBXSourcesBuildPhase;
			buildActionMask = 2147483647;
			files = (
				4885800329BF7E2E00E3B70E /* UIView + ext.swift in Sources */,
				481E0C4829C1B028005A8530 /* SignInLogInView.swift in Sources */,
				489ED8B829C51A6600BE07E0 /* FlashSaleCollectionViewCell.swift in Sources */,
				4885800529BF812500E3B70E /* OSButton.swift in Sources */,
				489ED8AE29C519A900BE07E0 /* BrandCollectionTitle.swift in Sources */,
				489ED8BA29C51A7500BE07E0 /* FlashSaleTitleView.swift in Sources */,
				481E0C5129C1EFD3005A8530 /* Utilities.swift in Sources */,
				484B2A5D29C300AE005403B0 /* OSTextField.swift in Sources */,
				48857FEE29BF435F00E3B70E /* NavBarController.swift in Sources */,
				484B2A6729C31096005403B0 /* CategoryLModel.swift in Sources */,
				481E0C4429C1AFD8005A8530 /* SignInAuthorizationButtonView.swift in Sources */,
				481E0C4229C1AD0A005A8530 /* SignInTextFieldView.swift in Sources */,
				48857FAD29BF30BB00E3B70E /* TabBarController.swift in Sources */,
				489ED8B629C51A5E00BE07E0 /* FlashSaleCollectionView.swift in Sources */,
				48857FFD29BF46AB00E3B70E /* StorageViewController.swift in Sources */,
				4885801229BFA9E200E3B70E /* OnlineShopBaseView.swift in Sources */,
				489ED8C129C5208200BE07E0 /* UIScrollView + ext.swift in Sources */,
				4885805A29C0CB7D00E3B70E /* ProfileDataView.swift in Sources */,
				48857FE729BF35BD00E3B70E /* Resources.swift in Sources */,
				489ED8B429C51A2200BE07E0 /* LatestTitleView.swift in Sources */,
				48857FFB29BF469F00E3B70E /* MessageViewController.swift in Sources */,
				481E0C4E29C1B545005A8530 /* LogInTextFieldView.swift in Sources */,
				484B2A5429C23691005403B0 /* HomeNavBarView.swift in Sources */,
				484B2A6429C30D35005403B0 /* CategoryCollectionViewCell.swift in Sources */,
				489ED8AA29C5197800BE07E0 /* BrandCillectionView.swift in Sources */,
				484B2A5929C25720005403B0 /* TitleView.swift in Sources */,
				481E0C3D29C125B8005A8530 /* SignInViewController.swift in Sources */,
				489ED8BC29C51B2B00BE07E0 /* OSNameCategoryView.swift in Sources */,
				489ED8AC29C5199600BE07E0 /* BrandCollectionViewCell.swift in Sources */,
				48857FFF29BF46BC00E3B70E /* ProfileViewController.swift in Sources */,
				489ED8B029C519F200BE07E0 /* LatestCollectionView.swift in Sources */,
				484B2A6229C30D21005403B0 /* CategoryCollectionView.swift in Sources */,
				48857FA929BF30BB00E3B70E /* AppDelegate.swift in Sources */,
				489ED8BE29C51EE800BE07E0 /* LatestCollectionViewCell.swift in Sources */,
				48857FE929BF370000E3B70E /* UIColor + ext.swift in Sources */,
				4885800F29BFA96700E3B70E /* ProfileButtonView.swift in Sources */,
				48857FF329BF44A100E3B70E /* OnlineShopBaseViewController.swift in Sources */,
				48857FAB29BF30BB00E3B70E /* SceneDelegate.swift in Sources */,
				481E0C4C29C1B468005A8530 /* LogInViewController.swift in Sources */,
				4885800129BF46C600E3B70E /* Page1ViewController.swift in Sources */,
				48857FF929BF45D300E3B70E /* ChosenByLikeController.swift in Sources */,
				4885800729BF8E3F00E3B70E /* UILabel + ext.swift in Sources */,
			);
			runOnlyForDeploymentPostprocessing = 0;
		};
/* End PBXSourcesBuildPhase section */

/* Begin PBXVariantGroup section */
		48857FB329BF30C000E3B70E /* LaunchScreen.storyboard */ = {
			isa = PBXVariantGroup;
			children = (
				48857FB429BF30C000E3B70E /* Base */,
			);
			name = LaunchScreen.storyboard;
			sourceTree = "<group>";
		};
/* End PBXVariantGroup section */

/* Begin XCBuildConfiguration section */
		48857FB729BF30C000E3B70E /* Debug */ = {
			isa = XCBuildConfiguration;
			buildSettings = {
				ALWAYS_SEARCH_USER_PATHS = NO;
				CLANG_ANALYZER_NONNULL = YES;
				CLANG_ANALYZER_NUMBER_OBJECT_CONVERSION = YES_AGGRESSIVE;
				CLANG_CXX_LANGUAGE_STANDARD = "gnu++17";
				CLANG_CXX_LIBRARY = "libc++";
				CLANG_ENABLE_MODULES = YES;
				CLANG_ENABLE_OBJC_ARC = YES;
				CLANG_ENABLE_OBJC_WEAK = YES;
				CLANG_WARN_BLOCK_CAPTURE_AUTORELEASING = YES;
				CLANG_WARN_BOOL_CONVERSION = YES;
				CLANG_WARN_COMMA = YES;
				CLANG_WARN_CONSTANT_CONVERSION = YES;
				CLANG_WARN_DEPRECATED_OBJC_IMPLEMENTATIONS = YES;
				CLANG_WARN_DIRECT_OBJC_ISA_USAGE = YES_ERROR;
				CLANG_WARN_DOCUMENTATION_COMMENTS = YES;
				CLANG_WARN_EMPTY_BODY = YES;
				CLANG_WARN_ENUM_CONVERSION = YES;
				CLANG_WARN_INFINITE_RECURSION = YES;
				CLANG_WARN_INT_CONVERSION = YES;
				CLANG_WARN_NON_LITERAL_NULL_CONVERSION = YES;
				CLANG_WARN_OBJC_IMPLICIT_RETAIN_SELF = YES;
				CLANG_WARN_OBJC_LITERAL_CONVERSION = YES;
				CLANG_WARN_OBJC_ROOT_CLASS = YES_ERROR;
				CLANG_WARN_QUOTED_INCLUDE_IN_FRAMEWORK_HEADER = YES;
				CLANG_WARN_RANGE_LOOP_ANALYSIS = YES;
				CLANG_WARN_STRICT_PROTOTYPES = YES;
				CLANG_WARN_SUSPICIOUS_MOVE = YES;
				CLANG_WARN_UNGUARDED_AVAILABILITY = YES_AGGRESSIVE;
				CLANG_WARN_UNREACHABLE_CODE = YES;
				CLANG_WARN__DUPLICATE_METHOD_MATCH = YES;
				COPY_PHASE_STRIP = NO;
				DEBUG_INFORMATION_FORMAT = dwarf;
				ENABLE_STRICT_OBJC_MSGSEND = YES;
				ENABLE_TESTABILITY = YES;
				GCC_C_LANGUAGE_STANDARD = gnu11;
				GCC_DYNAMIC_NO_PIC = NO;
				GCC_NO_COMMON_BLOCKS = YES;
				GCC_OPTIMIZATION_LEVEL = 0;
				GCC_PREPROCESSOR_DEFINITIONS = (
					"DEBUG=1",
					"$(inherited)",
				);
				GCC_WARN_64_TO_32_BIT_CONVERSION = YES;
				GCC_WARN_ABOUT_RETURN_TYPE = YES_ERROR;
				GCC_WARN_UNDECLARED_SELECTOR = YES;
				GCC_WARN_UNINITIALIZED_AUTOS = YES_AGGRESSIVE;
				GCC_WARN_UNUSED_FUNCTION = YES;
				GCC_WARN_UNUSED_VARIABLE = YES;
				IPHONEOS_DEPLOYMENT_TARGET = 15.2;
				MTL_ENABLE_DEBUG_INFO = INCLUDE_SOURCE;
				MTL_FAST_MATH = YES;
				ONLY_ACTIVE_ARCH = YES;
				SDKROOT = iphoneos;
				SWIFT_ACTIVE_COMPILATION_CONDITIONS = DEBUG;
				SWIFT_OPTIMIZATION_LEVEL = "-Onone";
			};
			name = Debug;
		};
		48857FB829BF30C000E3B70E /* Release */ = {
			isa = XCBuildConfiguration;
			buildSettings = {
				ALWAYS_SEARCH_USER_PATHS = NO;
				CLANG_ANALYZER_NONNULL = YES;
				CLANG_ANALYZER_NUMBER_OBJECT_CONVERSION = YES_AGGRESSIVE;
				CLANG_CXX_LANGUAGE_STANDARD = "gnu++17";
				CLANG_CXX_LIBRARY = "libc++";
				CLANG_ENABLE_MODULES = YES;
				CLANG_ENABLE_OBJC_ARC = YES;
				CLANG_ENABLE_OBJC_WEAK = YES;
				CLANG_WARN_BLOCK_CAPTURE_AUTORELEASING = YES;
				CLANG_WARN_BOOL_CONVERSION = YES;
				CLANG_WARN_COMMA = YES;
				CLANG_WARN_CONSTANT_CONVERSION = YES;
				CLANG_WARN_DEPRECATED_OBJC_IMPLEMENTATIONS = YES;
				CLANG_WARN_DIRECT_OBJC_ISA_USAGE = YES_ERROR;
				CLANG_WARN_DOCUMENTATION_COMMENTS = YES;
				CLANG_WARN_EMPTY_BODY = YES;
				CLANG_WARN_ENUM_CONVERSION = YES;
				CLANG_WARN_INFINITE_RECURSION = YES;
				CLANG_WARN_INT_CONVERSION = YES;
				CLANG_WARN_NON_LITERAL_NULL_CONVERSION = YES;
				CLANG_WARN_OBJC_IMPLICIT_RETAIN_SELF = YES;
				CLANG_WARN_OBJC_LITERAL_CONVERSION = YES;
				CLANG_WARN_OBJC_ROOT_CLASS = YES_ERROR;
				CLANG_WARN_QUOTED_INCLUDE_IN_FRAMEWORK_HEADER = YES;
				CLANG_WARN_RANGE_LOOP_ANALYSIS = YES;
				CLANG_WARN_STRICT_PROTOTYPES = YES;
				CLANG_WARN_SUSPICIOUS_MOVE = YES;
				CLANG_WARN_UNGUARDED_AVAILABILITY = YES_AGGRESSIVE;
				CLANG_WARN_UNREACHABLE_CODE = YES;
				CLANG_WARN__DUPLICATE_METHOD_MATCH = YES;
				COPY_PHASE_STRIP = NO;
				DEBUG_INFORMATION_FORMAT = "dwarf-with-dsym";
				ENABLE_NS_ASSERTIONS = NO;
				ENABLE_STRICT_OBJC_MSGSEND = YES;
				GCC_C_LANGUAGE_STANDARD = gnu11;
				GCC_NO_COMMON_BLOCKS = YES;
				GCC_WARN_64_TO_32_BIT_CONVERSION = YES;
				GCC_WARN_ABOUT_RETURN_TYPE = YES_ERROR;
				GCC_WARN_UNDECLARED_SELECTOR = YES;
				GCC_WARN_UNINITIALIZED_AUTOS = YES_AGGRESSIVE;
				GCC_WARN_UNUSED_FUNCTION = YES;
				GCC_WARN_UNUSED_VARIABLE = YES;
				IPHONEOS_DEPLOYMENT_TARGET = 15.2;
				MTL_ENABLE_DEBUG_INFO = NO;
				MTL_FAST_MATH = YES;
				SDKROOT = iphoneos;
				SWIFT_COMPILATION_MODE = wholemodule;
				SWIFT_OPTIMIZATION_LEVEL = "-O";
				VALIDATE_PRODUCT = YES;
			};
			name = Release;
		};
		48857FBA29BF30C000E3B70E /* Debug */ = {
			isa = XCBuildConfiguration;
			buildSettings = {
				ASSETCATALOG_COMPILER_APPICON_NAME = AppIcon;
				ASSETCATALOG_COMPILER_GLOBAL_ACCENT_COLOR_NAME = AccentColor;
				CODE_SIGN_STYLE = Automatic;
				CURRENT_PROJECT_VERSION = 1;
				DEVELOPMENT_TEAM = H24VKTWR7D;
				GENERATE_INFOPLIST_FILE = YES;
				INFOPLIST_FILE = OnlineShop/SupportingFiles/Info.plist;
				INFOPLIST_KEY_NSCameraUsageDescription = "Please allow acces to take aprofile picture";
				INFOPLIST_KEY_NSPhotoLibraryAddUsageDescription = "PLease allow acces to select a photo for your profile.";
				INFOPLIST_KEY_UIApplicationSupportsIndirectInputEvents = YES;
				INFOPLIST_KEY_UILaunchStoryboardName = LaunchScreen;
				INFOPLIST_KEY_UISupportedInterfaceOrientations_iPad = "UIInterfaceOrientationPortrait UIInterfaceOrientationPortraitUpsideDown UIInterfaceOrientationLandscapeLeft UIInterfaceOrientationLandscapeRight";
				INFOPLIST_KEY_UISupportedInterfaceOrientations_iPhone = "UIInterfaceOrientationPortrait UIInterfaceOrientationLandscapeLeft UIInterfaceOrientationLandscapeRight";
				LD_RUNPATH_SEARCH_PATHS = (
					"$(inherited)",
					"@executable_path/Frameworks",
				);
				MARKETING_VERSION = 1.0;
				PRODUCT_BUNDLE_IDENTIFIER = MasksimMelnichuk.OnlineShop;
				PRODUCT_NAME = "$(TARGET_NAME)";
				SWIFT_EMIT_LOC_STRINGS = YES;
				SWIFT_VERSION = 5.0;
				TARGETED_DEVICE_FAMILY = "1,2";
			};
			name = Debug;
		};
		48857FBB29BF30C000E3B70E /* Release */ = {
			isa = XCBuildConfiguration;
			buildSettings = {
				ASSETCATALOG_COMPILER_APPICON_NAME = AppIcon;
				ASSETCATALOG_COMPILER_GLOBAL_ACCENT_COLOR_NAME = AccentColor;
				CODE_SIGN_STYLE = Automatic;
				CURRENT_PROJECT_VERSION = 1;
				DEVELOPMENT_TEAM = H24VKTWR7D;
				GENERATE_INFOPLIST_FILE = YES;
				INFOPLIST_FILE = OnlineShop/SupportingFiles/Info.plist;
				INFOPLIST_KEY_NSCameraUsageDescription = "Please allow acces to take aprofile picture";
				INFOPLIST_KEY_NSPhotoLibraryAddUsageDescription = "PLease allow acces to select a photo for your profile.";
				INFOPLIST_KEY_UIApplicationSupportsIndirectInputEvents = YES;
				INFOPLIST_KEY_UILaunchStoryboardName = LaunchScreen;
				INFOPLIST_KEY_UISupportedInterfaceOrientations_iPad = "UIInterfaceOrientationPortrait UIInterfaceOrientationPortraitUpsideDown UIInterfaceOrientationLandscapeLeft UIInterfaceOrientationLandscapeRight";
				INFOPLIST_KEY_UISupportedInterfaceOrientations_iPhone = "UIInterfaceOrientationPortrait UIInterfaceOrientationLandscapeLeft UIInterfaceOrientationLandscapeRight";
				LD_RUNPATH_SEARCH_PATHS = (
					"$(inherited)",
					"@executable_path/Frameworks",
				);
				MARKETING_VERSION = 1.0;
				PRODUCT_BUNDLE_IDENTIFIER = MasksimMelnichuk.OnlineShop;
				PRODUCT_NAME = "$(TARGET_NAME)";
				SWIFT_EMIT_LOC_STRINGS = YES;
				SWIFT_VERSION = 5.0;
				TARGETED_DEVICE_FAMILY = "1,2";
			};
			name = Release;
		};
/* End XCBuildConfiguration section */

/* Begin XCConfigurationList section */
		48857FA029BF30BB00E3B70E /* Build configuration list for PBXProject "OnlineShop" */ = {
			isa = XCConfigurationList;
			buildConfigurations = (
				48857FB729BF30C000E3B70E /* Debug */,
				48857FB829BF30C000E3B70E /* Release */,
			);
			defaultConfigurationIsVisible = 0;
			defaultConfigurationName = Release;
		};
		48857FB929BF30C000E3B70E /* Build configuration list for PBXNativeTarget "OnlineShop" */ = {
			isa = XCConfigurationList;
			buildConfigurations = (
				48857FBA29BF30C000E3B70E /* Debug */,
				48857FBB29BF30C000E3B70E /* Release */,
			);
			defaultConfigurationIsVisible = 0;
			defaultConfigurationName = Release;
		};
/* End XCConfigurationList section */

/* Begin XCRemoteSwiftPackageReference section */
		481E0C3129C12357005A8530 /* XCRemoteSwiftPackageReference "firebase-ios-sdk" */ = {
			isa = XCRemoteSwiftPackageReference;
			repositoryURL = "https://github.com/firebase/firebase-ios-sdk";
			requirement = {
				branch = master;
				kind = branch;
			};
		};
/* End XCRemoteSwiftPackageReference section */

/* Begin XCSwiftPackageProductDependency section */
		481E0C3229C12357005A8530 /* FirebaseAnalytics */ = {
			isa = XCSwiftPackageProductDependency;
			package = 481E0C3129C12357005A8530 /* XCRemoteSwiftPackageReference "firebase-ios-sdk" */;
			productName = FirebaseAnalytics;
		};
		481E0C3429C12357005A8530 /* FirebaseAuth */ = {
			isa = XCSwiftPackageProductDependency;
			package = 481E0C3129C12357005A8530 /* XCRemoteSwiftPackageReference "firebase-ios-sdk" */;
			productName = FirebaseAuth;
		};
		481E0C3629C12357005A8530 /* FirebaseDatabase */ = {
			isa = XCSwiftPackageProductDependency;
			package = 481E0C3129C12357005A8530 /* XCRemoteSwiftPackageReference "firebase-ios-sdk" */;
			productName = FirebaseDatabase;
		};
		481E0C3829C12357005A8530 /* FirebaseFirestore */ = {
			isa = XCSwiftPackageProductDependency;
			package = 481E0C3129C12357005A8530 /* XCRemoteSwiftPackageReference "firebase-ios-sdk" */;
			productName = FirebaseFirestore;
		};
		481E0C3A29C12357005A8530 /* FirebaseStorage */ = {
			isa = XCSwiftPackageProductDependency;
			package = 481E0C3129C12357005A8530 /* XCRemoteSwiftPackageReference "firebase-ios-sdk" */;
			productName = FirebaseStorage;
		};
/* End XCSwiftPackageProductDependency section */
	};
	rootObject = 48857F9D29BF30BB00E3B70E /* Project object */;
}
